
Microsoft Visual Studio Solution File, Format Version 12.00
# Visual Studio Version 17
VisualStudioVersion = 17.0.31903.59
MinimumVisualStudioVersion = 10.0.40219.1
Project("{FAE04EC0-301F-11D3-BF4B-00C04F79EFBC}") = "Sisusa.Common.ReturnTypes", "Sisusa.Common.ReturnTypes.csproj", "{2F8DA4F7-7A22-403E-8DDC-CF5BF9530893}"
EndProject
Project("{FAE04EC0-301F-11D3-BF4B-00C04F79EFBC}") = "Sisusa.Common.ReturnTypes.Tests", "..\Sisusa.Common.ReturnTypes.Tests\Sisusa.Common.ReturnTypes.Tests.csproj", "{8ED26759-0414-4B16-B55D-ED68207856E5}"
EndProject
Global
	GlobalSection(SolutionConfigurationPlatforms) = preSolution
		Debug|Any CPU = Debug|Any CPU
		Release|Any CPU = Release|Any CPU
	EndGlobalSection
	GlobalSection(SolutionProperties) = preSolution
		HideSolutionNode = FALSE
	EndGlobalSection
	GlobalSection(ProjectConfigurationPlatforms) = postSolution
		{2F8DA4F7-7A22-403E-8DDC-CF5BF9530893}.Debug|Any CPU.ActiveCfg = Debug|Any CPU
		{2F8DA4F7-7A22-403E-8DDC-CF5BF9530893}.Debug|Any CPU.Build.0 = Debug|Any CPU
		{2F8DA4F7-7A22-403E-8DDC-CF5BF9530893}.Release|Any CPU.ActiveCfg = Release|Any CPU
		{2F8DA4F7-7A22-403E-8DDC-CF5BF9530893}.Release|Any CPU.Build.0 = Release|Any CPU
		{8ED26759-0414-4B16-B55D-ED68207856E5}.Debug|Any CPU.ActiveCfg = Debug|Any CPU
		{8ED26759-0414-4B16-B55D-ED68207856E5}.Debug|Any CPU.Build.0 = Debug|Any CPU
		{8ED26759-0414-4B16-B55D-ED68207856E5}.Release|Any CPU.ActiveCfg = Release|Any CPU
		{8ED26759-0414-4B16-B55D-ED68207856E5}.Release|Any CPU.Build.0 = Release|Any CPU
	EndGlobalSection
EndGlobal
